// !$*UTF8*$!
{
	archiveVersion = 1;
	classes = {
	};
	objectVersion = 51;
	objects = {

/* Begin PBXBuildFile section */
		0B3435F91E7AEC6BA970681A /* Pods_AbordTests.framework in Frameworks */ = {isa = PBXBuildFile; fileRef = AAC6B70AC73D1A776511D1EA /* Pods_AbordTests.framework */; };
		A834F9AF24326A3E009F9313 /* AppDelegate.swift in Sources */ = {isa = PBXBuildFile; fileRef = A834F9AE24326A3E009F9313 /* AppDelegate.swift */; };
		A834F9B124326A3E009F9313 /* SceneDelegate.swift in Sources */ = {isa = PBXBuildFile; fileRef = A834F9B024326A3E009F9313 /* SceneDelegate.swift */; };
		A834F9B624326A3E009F9313 /* Main.storyboard in Resources */ = {isa = PBXBuildFile; fileRef = A834F9B424326A3E009F9313 /* Main.storyboard */; };
		A834F9B824326A3F009F9313 /* Assets.xcassets in Resources */ = {isa = PBXBuildFile; fileRef = A834F9B724326A3F009F9313 /* Assets.xcassets */; };
		A834F9BB24326A3F009F9313 /* LaunchScreen.storyboard in Resources */ = {isa = PBXBuildFile; fileRef = A834F9B924326A3F009F9313 /* LaunchScreen.storyboard */; };
		A834F9C624326A3F009F9313 /* AbordTests.swift in Sources */ = {isa = PBXBuildFile; fileRef = A834F9C524326A3F009F9313 /* AbordTests.swift */; };
		A834F9D124326A3F009F9313 /* AbordUITests.swift in Sources */ = {isa = PBXBuildFile; fileRef = A834F9D024326A3F009F9313 /* AbordUITests.swift */; };
		A834F9DF24326AC5009F9313 /* LoginViewController.swift in Sources */ = {isa = PBXBuildFile; fileRef = A834F9DE24326AC5009F9313 /* LoginViewController.swift */; };
		A834F9E324326B23009F9313 /* FeedViewController.swift in Sources */ = {isa = PBXBuildFile; fileRef = A834F9E224326B23009F9313 /* FeedViewController.swift */; };
		A834F9E524327600009F9313 /* CameraViewController.swift in Sources */ = {isa = PBXBuildFile; fileRef = A834F9E424327600009F9313 /* CameraViewController.swift */; };
		A834F9E724332556009F9313 /* CustomSignButton.swift in Sources */ = {isa = PBXBuildFile; fileRef = A834F9E624332556009F9313 /* CustomSignButton.swift */; };
		A834F9EA24333077009F9313 /* PostTableViewCell.swift in Sources */ = {isa = PBXBuildFile; fileRef = A834F9E924333077009F9313 /* PostTableViewCell.swift */; };
		A834F9EC24338DE4009F9313 /* SignUpViewController.swift in Sources */ = {isa = PBXBuildFile; fileRef = A834F9EB24338DE4009F9313 /* SignUpViewController.swift */; };
		B1F5D7930FD6426E0932FF73 /* Pods_Abord.framework in Frameworks */ = {isa = PBXBuildFile; fileRef = 924E09752EA8603D99A46AC7 /* Pods_Abord.framework */; };
		F4476BC0501F1A96A2E5CEEB /* Pods_Abord_AbordUITests.framework in Frameworks */ = {isa = PBXBuildFile; fileRef = 64CB8393F0EA1295109E20CA /* Pods_Abord_AbordUITests.framework */; };
/* End PBXBuildFile section */

/* Begin PBXContainerItemProxy section */
		A834F9C224326A3F009F9313 /* PBXContainerItemProxy */ = {
			isa = PBXContainerItemProxy;
			containerPortal = A834F9A324326A3E009F9313 /* Project object */;
			proxyType = 1;
			remoteGlobalIDString = A834F9AA24326A3E009F9313;
			remoteInfo = Abord;
		};
		A834F9CD24326A3F009F9313 /* PBXContainerItemProxy */ = {
			isa = PBXContainerItemProxy;
			containerPortal = A834F9A324326A3E009F9313 /* Project object */;
			proxyType = 1;
			remoteGlobalIDString = A834F9AA24326A3E009F9313;
			remoteInfo = Abord;
		};
/* End PBXContainerItemProxy section */

/* Begin PBXFileReference section */
		07CBC607D20B894D74B6A88B /* Pods-Abord.release.xcconfig */ = {isa = PBXFileReference; includeInIndex = 1; lastKnownFileType = text.xcconfig; name = "Pods-Abord.release.xcconfig"; path = "Target Support Files/Pods-Abord/Pods-Abord.release.xcconfig"; sourceTree = "<group>"; };
		2A29D61F61D9763242CB2CF4 /* Pods-Abord.debug.xcconfig */ = {isa = PBXFileReference; includeInIndex = 1; lastKnownFileType = text.xcconfig; name = "Pods-Abord.debug.xcconfig"; path = "Target Support Files/Pods-Abord/Pods-Abord.debug.xcconfig"; sourceTree = "<group>"; };
		4F6E1C6EC54019D57BEA2CB9 /* Pods-AbordTests.debug.xcconfig */ = {isa = PBXFileReference; includeInIndex = 1; lastKnownFileType = text.xcconfig; name = "Pods-AbordTests.debug.xcconfig"; path = "Target Support Files/Pods-AbordTests/Pods-AbordTests.debug.xcconfig"; sourceTree = "<group>"; };
		64CB8393F0EA1295109E20CA /* Pods_Abord_AbordUITests.framework */ = {isa = PBXFileReference; explicitFileType = wrapper.framework; includeInIndex = 0; path = Pods_Abord_AbordUITests.framework; sourceTree = BUILT_PRODUCTS_DIR; };
		6EAAB51EB9EAD426C362FC6C /* Pods-Abord-AbordUITests.release.xcconfig */ = {isa = PBXFileReference; includeInIndex = 1; lastKnownFileType = text.xcconfig; name = "Pods-Abord-AbordUITests.release.xcconfig"; path = "Target Support Files/Pods-Abord-AbordUITests/Pods-Abord-AbordUITests.release.xcconfig"; sourceTree = "<group>"; };
		76459974B4EF3DB78DCCDFF1 /* Pods-AbordTests.release.xcconfig */ = {isa = PBXFileReference; includeInIndex = 1; lastKnownFileType = text.xcconfig; name = "Pods-AbordTests.release.xcconfig"; path = "Target Support Files/Pods-AbordTests/Pods-AbordTests.release.xcconfig"; sourceTree = "<group>"; };
		924E09752EA8603D99A46AC7 /* Pods_Abord.framework */ = {isa = PBXFileReference; explicitFileType = wrapper.framework; includeInIndex = 0; path = Pods_Abord.framework; sourceTree = BUILT_PRODUCTS_DIR; };
		A834F9AB24326A3E009F9313 /* Abord.app */ = {isa = PBXFileReference; explicitFileType = wrapper.application; includeInIndex = 0; path = Abord.app; sourceTree = BUILT_PRODUCTS_DIR; };
		A834F9AE24326A3E009F9313 /* AppDelegate.swift */ = {isa = PBXFileReference; lastKnownFileType = sourcecode.swift; path = AppDelegate.swift; sourceTree = "<group>"; };
		A834F9B024326A3E009F9313 /* SceneDelegate.swift */ = {isa = PBXFileReference; lastKnownFileType = sourcecode.swift; path = SceneDelegate.swift; sourceTree = "<group>"; };
		A834F9B524326A3E009F9313 /* Base */ = {isa = PBXFileReference; lastKnownFileType = file.storyboard; name = Base; path = Base.lproj/Main.storyboard; sourceTree = "<group>"; };
		A834F9B724326A3F009F9313 /* Assets.xcassets */ = {isa = PBXFileReference; lastKnownFileType = folder.assetcatalog; path = Assets.xcassets; sourceTree = "<group>"; };
		A834F9BA24326A3F009F9313 /* Base */ = {isa = PBXFileReference; lastKnownFileType = file.storyboard; name = Base; path = Base.lproj/LaunchScreen.storyboard; sourceTree = "<group>"; };
		A834F9BC24326A3F009F9313 /* Info.plist */ = {isa = PBXFileReference; lastKnownFileType = text.plist.xml; path = Info.plist; sourceTree = "<group>"; };
		A834F9C124326A3F009F9313 /* AbordTests.xctest */ = {isa = PBXFileReference; explicitFileType = wrapper.cfbundle; includeInIndex = 0; path = AbordTests.xctest; sourceTree = BUILT_PRODUCTS_DIR; };
		A834F9C524326A3F009F9313 /* AbordTests.swift */ = {isa = PBXFileReference; lastKnownFileType = sourcecode.swift; path = AbordTests.swift; sourceTree = "<group>"; };
		A834F9C724326A3F009F9313 /* Info.plist */ = {isa = PBXFileReference; lastKnownFileType = text.plist.xml; path = Info.plist; sourceTree = "<group>"; };
		A834F9CC24326A3F009F9313 /* AbordUITests.xctest */ = {isa = PBXFileReference; explicitFileType = wrapper.cfbundle; includeInIndex = 0; path = AbordUITests.xctest; sourceTree = BUILT_PRODUCTS_DIR; };
		A834F9D024326A3F009F9313 /* AbordUITests.swift */ = {isa = PBXFileReference; lastKnownFileType = sourcecode.swift; path = AbordUITests.swift; sourceTree = "<group>"; };
		A834F9D224326A3F009F9313 /* Info.plist */ = {isa = PBXFileReference; lastKnownFileType = text.plist.xml; path = Info.plist; sourceTree = "<group>"; };
		A834F9DE24326AC5009F9313 /* LoginViewController.swift */ = {isa = PBXFileReference; lastKnownFileType = sourcecode.swift; path = LoginViewController.swift; sourceTree = "<group>"; };
		A834F9E224326B23009F9313 /* FeedViewController.swift */ = {isa = PBXFileReference; lastKnownFileType = sourcecode.swift; path = FeedViewController.swift; sourceTree = "<group>"; };
		A834F9E424327600009F9313 /* CameraViewController.swift */ = {isa = PBXFileReference; lastKnownFileType = sourcecode.swift; path = CameraViewController.swift; sourceTree = "<group>"; };
		A834F9E624332556009F9313 /* CustomSignButton.swift */ = {isa = PBXFileReference; lastKnownFileType = sourcecode.swift; path = CustomSignButton.swift; sourceTree = "<group>"; };
		A834F9E924333077009F9313 /* PostTableViewCell.swift */ = {isa = PBXFileReference; lastKnownFileType = sourcecode.swift; path = PostTableViewCell.swift; sourceTree = "<group>"; };
		A834F9EB24338DE4009F9313 /* SignUpViewController.swift */ = {isa = PBXFileReference; lastKnownFileType = sourcecode.swift; path = SignUpViewController.swift; sourceTree = "<group>"; };
		AAC6B70AC73D1A776511D1EA /* Pods_AbordTests.framework */ = {isa = PBXFileReference; explicitFileType = wrapper.framework; includeInIndex = 0; path = Pods_AbordTests.framework; sourceTree = BUILT_PRODUCTS_DIR; };
		FE833BFF5F3EAD8E02011BF7 /* Pods-Abord-AbordUITests.debug.xcconfig */ = {isa = PBXFileReference; includeInIndex = 1; lastKnownFileType = text.xcconfig; name = "Pods-Abord-AbordUITests.debug.xcconfig"; path = "Target Support Files/Pods-Abord-AbordUITests/Pods-Abord-AbordUITests.debug.xcconfig"; sourceTree = "<group>"; };
/* End PBXFileReference section */

/* Begin PBXFrameworksBuildPhase section */
		A834F9A824326A3E009F9313 /* Frameworks */ = {
			isa = PBXFrameworksBuildPhase;
			buildActionMask = 2147483647;
			files = (
				B1F5D7930FD6426E0932FF73 /* Pods_Abord.framework in Frameworks */,
			);
			runOnlyForDeploymentPostprocessing = 0;
		};
		A834F9BE24326A3F009F9313 /* Frameworks */ = {
			isa = PBXFrameworksBuildPhase;
			buildActionMask = 2147483647;
			files = (
				0B3435F91E7AEC6BA970681A /* Pods_AbordTests.framework in Frameworks */,
			);
			runOnlyForDeploymentPostprocessing = 0;
		};
		A834F9C924326A3F009F9313 /* Frameworks */ = {
			isa = PBXFrameworksBuildPhase;
			buildActionMask = 2147483647;
			files = (
				F4476BC0501F1A96A2E5CEEB /* Pods_Abord_AbordUITests.framework in Frameworks */,
			);
			runOnlyForDeploymentPostprocessing = 0;
		};
/* End PBXFrameworksBuildPhase section */

/* Begin PBXGroup section */
		9683F4FC5AC72609C85E4CCD /* Frameworks */ = {
			isa = PBXGroup;
			children = (
				924E09752EA8603D99A46AC7 /* Pods_Abord.framework */,
				64CB8393F0EA1295109E20CA /* Pods_Abord_AbordUITests.framework */,
				AAC6B70AC73D1A776511D1EA /* Pods_AbordTests.framework */,
			);
			name = Frameworks;
			sourceTree = "<group>";
		};
		A834F9A224326A3E009F9313 = {
			isa = PBXGroup;
			children = (
				A834F9AD24326A3E009F9313 /* Abord */,
				A834F9C424326A3F009F9313 /* AbordTests */,
				A834F9CF24326A3F009F9313 /* AbordUITests */,
				A834F9AC24326A3E009F9313 /* Products */,
				E7F9A191A6D5B3D2630F900C /* Pods */,
				9683F4FC5AC72609C85E4CCD /* Frameworks */,
			);
			sourceTree = "<group>";
		};
		A834F9AC24326A3E009F9313 /* Products */ = {
			isa = PBXGroup;
			children = (
				A834F9AB24326A3E009F9313 /* Abord.app */,
				A834F9C124326A3F009F9313 /* AbordTests.xctest */,
				A834F9CC24326A3F009F9313 /* AbordUITests.xctest */,
			);
			name = Products;
			sourceTree = "<group>";
		};
		A834F9AD24326A3E009F9313 /* Abord */ = {
			isa = PBXGroup;
			children = (
				A834F9AE24326A3E009F9313 /* AppDelegate.swift */,
				A834F9B024326A3E009F9313 /* SceneDelegate.swift */,
				A834F9E224326B23009F9313 /* FeedViewController.swift */,
				A834F9B424326A3E009F9313 /* Main.storyboard */,
				A834F9E924333077009F9313 /* PostTableViewCell.swift */,
				A834F9EB24338DE4009F9313 /* SignUpViewController.swift */,
				A834F9E424327600009F9313 /* CameraViewController.swift */,
				A834F9E624332556009F9313 /* CustomSignButton.swift */,
				A834F9DE24326AC5009F9313 /* LoginViewController.swift */,
				A834F9B724326A3F009F9313 /* Assets.xcassets */,
				A834F9B924326A3F009F9313 /* LaunchScreen.storyboard */,
				A834F9BC24326A3F009F9313 /* Info.plist */,
			);
			path = Abord;
			sourceTree = "<group>";
		};
		A834F9C424326A3F009F9313 /* AbordTests */ = {
			isa = PBXGroup;
			children = (
				A834F9C524326A3F009F9313 /* AbordTests.swift */,
				A834F9C724326A3F009F9313 /* Info.plist */,
			);
			path = AbordTests;
			sourceTree = "<group>";
		};
		A834F9CF24326A3F009F9313 /* AbordUITests */ = {
			isa = PBXGroup;
			children = (
				A834F9D024326A3F009F9313 /* AbordUITests.swift */,
				A834F9D224326A3F009F9313 /* Info.plist */,
			);
			path = AbordUITests;
			sourceTree = "<group>";
		};
		E7F9A191A6D5B3D2630F900C /* Pods */ = {
			isa = PBXGroup;
			children = (
				2A29D61F61D9763242CB2CF4 /* Pods-Abord.debug.xcconfig */,
				07CBC607D20B894D74B6A88B /* Pods-Abord.release.xcconfig */,
				FE833BFF5F3EAD8E02011BF7 /* Pods-Abord-AbordUITests.debug.xcconfig */,
				6EAAB51EB9EAD426C362FC6C /* Pods-Abord-AbordUITests.release.xcconfig */,
				4F6E1C6EC54019D57BEA2CB9 /* Pods-AbordTests.debug.xcconfig */,
				76459974B4EF3DB78DCCDFF1 /* Pods-AbordTests.release.xcconfig */,
			);
			path = Pods;
			sourceTree = "<group>";
		};
/* End PBXGroup section */

/* Begin PBXNativeTarget section */
		A834F9AA24326A3E009F9313 /* Abord */ = {
			isa = PBXNativeTarget;
			buildConfigurationList = A834F9D524326A3F009F9313 /* Build configuration list for PBXNativeTarget "Abord" */;
			buildPhases = (
				85CF9C8C2487EB8A2634AC2F /* [CP] Check Pods Manifest.lock */,
				A834F9A724326A3E009F9313 /* Sources */,
				A834F9A824326A3E009F9313 /* Frameworks */,
				A834F9A924326A3E009F9313 /* Resources */,
				90CD479185D9E8780A788CC2 /* [CP] Embed Pods Frameworks */,
			);
			buildRules = (
			);
			dependencies = (
			);
			name = Abord;
			productName = Abord;
			productReference = A834F9AB24326A3E009F9313 /* Abord.app */;
			productType = "com.apple.product-type.application";
		};
		A834F9C024326A3F009F9313 /* AbordTests */ = {
			isa = PBXNativeTarget;
			buildConfigurationList = A834F9D824326A3F009F9313 /* Build configuration list for PBXNativeTarget "AbordTests" */;
			buildPhases = (
				81E066CC2EF68B4A06165228 /* [CP] Check Pods Manifest.lock */,
				A834F9BD24326A3F009F9313 /* Sources */,
				A834F9BE24326A3F009F9313 /* Frameworks */,
				A834F9BF24326A3F009F9313 /* Resources */,
			);
			buildRules = (
			);
			dependencies = (
				A834F9C324326A3F009F9313 /* PBXTargetDependency */,
			);
			name = AbordTests;
			productName = AbordTests;
			productReference = A834F9C124326A3F009F9313 /* AbordTests.xctest */;
			productType = "com.apple.product-type.bundle.unit-test";
		};
		A834F9CB24326A3F009F9313 /* AbordUITests */ = {
			isa = PBXNativeTarget;
			buildConfigurationList = A834F9DB24326A3F009F9313 /* Build configuration list for PBXNativeTarget "AbordUITests" */;
			buildPhases = (
				2FDFF55EA93F72B673A96030 /* [CP] Check Pods Manifest.lock */,
				A834F9C824326A3F009F9313 /* Sources */,
				A834F9C924326A3F009F9313 /* Frameworks */,
				A834F9CA24326A3F009F9313 /* Resources */,
				3BC89DE962F09407CA83FF8E /* [CP] Embed Pods Frameworks */,
			);
			buildRules = (
			);
			dependencies = (
				A834F9CE24326A3F009F9313 /* PBXTargetDependency */,
			);
			name = AbordUITests;
			productName = AbordUITests;
			productReference = A834F9CC24326A3F009F9313 /* AbordUITests.xctest */;
			productType = "com.apple.product-type.bundle.ui-testing";
		};
/* End PBXNativeTarget section */

/* Begin PBXProject section */
		A834F9A324326A3E009F9313 /* Project object */ = {
			isa = PBXProject;
			attributes = {
				LastSwiftUpdateCheck = 1140;
				LastUpgradeCheck = 1140;
				ORGANIZATIONNAME = Mayank;
				TargetAttributes = {
					A834F9AA24326A3E009F9313 = {
						CreatedOnToolsVersion = 11.4;
					};
					A834F9C024326A3F009F9313 = {
						CreatedOnToolsVersion = 11.4;
						TestTargetID = A834F9AA24326A3E009F9313;
					};
					A834F9CB24326A3F009F9313 = {
						CreatedOnToolsVersion = 11.4;
						TestTargetID = A834F9AA24326A3E009F9313;
					};
				};
			};
			buildConfigurationList = A834F9A624326A3E009F9313 /* Build configuration list for PBXProject "Abord" */;
			compatibilityVersion = "Xcode 9.3";
			developmentRegion = en;
			hasScannedForEncodings = 0;
			knownRegions = (
				en,
				Base,
			);
			mainGroup = A834F9A224326A3E009F9313;
			productRefGroup = A834F9AC24326A3E009F9313 /* Products */;
			projectDirPath = "";
			projectRoot = "";
			targets = (
				A834F9AA24326A3E009F9313 /* Abord */,
				A834F9C024326A3F009F9313 /* AbordTests */,
				A834F9CB24326A3F009F9313 /* AbordUITests */,
			);
		};
/* End PBXProject section */

/* Begin PBXResourcesBuildPhase section */
		A834F9A924326A3E009F9313 /* Resources */ = {
			isa = PBXResourcesBuildPhase;
			buildActionMask = 2147483647;
			files = (
				A834F9BB24326A3F009F9313 /* LaunchScreen.storyboard in Resources */,
				A834F9B824326A3F009F9313 /* Assets.xcassets in Resources */,
				A834F9B624326A3E009F9313 /* Main.storyboard in Resources */,
			);
			runOnlyForDeploymentPostprocessing = 0;
		};
		A834F9BF24326A3F009F9313 /* Resources */ = {
			isa = PBXResourcesBuildPhase;
			buildActionMask = 2147483647;
			files = (
			);
			runOnlyForDeploymentPostprocessing = 0;
		};
		A834F9CA24326A3F009F9313 /* Resources */ = {
			isa = PBXResourcesBuildPhase;
			buildActionMask = 2147483647;
			files = (
			);
			runOnlyForDeploymentPostprocessing = 0;
		};
/* End PBXResourcesBuildPhase section */

/* Begin PBXShellScriptBuildPhase section */
		2FDFF55EA93F72B673A96030 /* [CP] Check Pods Manifest.lock */ = {
			isa = PBXShellScriptBuildPhase;
			buildActionMask = 2147483647;
			files = (
			);
			inputFileListPaths = (
			);
			inputPaths = (
				"${PODS_PODFILE_DIR_PATH}/Podfile.lock",
				"${PODS_ROOT}/Manifest.lock",
			);
			name = "[CP] Check Pods Manifest.lock";
			outputFileListPaths = (
			);
			outputPaths = (
				"$(DERIVED_FILE_DIR)/Pods-Abord-AbordUITests-checkManifestLockResult.txt",
			);
			runOnlyForDeploymentPostprocessing = 0;
			shellPath = /bin/sh;
			shellScript = "diff \"${PODS_PODFILE_DIR_PATH}/Podfile.lock\" \"${PODS_ROOT}/Manifest.lock\" > /dev/null\nif [ $? != 0 ] ; then\n    # print error to STDERR\n    echo \"error: The sandbox is not in sync with the Podfile.lock. Run 'pod install' or update your CocoaPods installation.\" >&2\n    exit 1\nfi\n# This output is used by Xcode 'outputs' to avoid re-running this script phase.\necho \"SUCCESS\" > \"${SCRIPT_OUTPUT_FILE_0}\"\n";
			showEnvVarsInLog = 0;
		};
		3BC89DE962F09407CA83FF8E /* [CP] Embed Pods Frameworks */ = {
			isa = PBXShellScriptBuildPhase;
			buildActionMask = 2147483647;
			files = (
			);
			inputFileListPaths = (
				"${PODS_ROOT}/Target Support Files/Pods-Abord-AbordUITests/Pods-Abord-AbordUITests-frameworks-${CONFIGURATION}-input-files.xcfilelist",
			);
			name = "[CP] Embed Pods Frameworks";
			outputFileListPaths = (
				"${PODS_ROOT}/Target Support Files/Pods-Abord-AbordUITests/Pods-Abord-AbordUITests-frameworks-${CONFIGURATION}-output-files.xcfilelist",
			);
			runOnlyForDeploymentPostprocessing = 0;
			shellPath = /bin/sh;
			shellScript = "\"${PODS_ROOT}/Target Support Files/Pods-Abord-AbordUITests/Pods-Abord-AbordUITests-frameworks.sh\"\n";
			showEnvVarsInLog = 0;
		};
		81E066CC2EF68B4A06165228 /* [CP] Check Pods Manifest.lock */ = {
			isa = PBXShellScriptBuildPhase;
			buildActionMask = 2147483647;
			files = (
			);
			inputFileListPaths = (
			);
			inputPaths = (
				"${PODS_PODFILE_DIR_PATH}/Podfile.lock",
				"${PODS_ROOT}/Manifest.lock",
			);
			name = "[CP] Check Pods Manifest.lock";
			outputFileListPaths = (
			);
			outputPaths = (
				"$(DERIVED_FILE_DIR)/Pods-AbordTests-checkManifestLockResult.txt",
			);
			runOnlyForDeploymentPostprocessing = 0;
			shellPath = /bin/sh;
			shellScript = "diff \"${PODS_PODFILE_DIR_PATH}/Podfile.lock\" \"${PODS_ROOT}/Manifest.lock\" > /dev/null\nif [ $? != 0 ] ; then\n    # print error to STDERR\n    echo \"error: The sandbox is not in sync with the Podfile.lock. Run 'pod install' or update your CocoaPods installation.\" >&2\n    exit 1\nfi\n# This output is used by Xcode 'outputs' to avoid re-running this script phase.\necho \"SUCCESS\" > \"${SCRIPT_OUTPUT_FILE_0}\"\n";
			showEnvVarsInLog = 0;
		};
		85CF9C8C2487EB8A2634AC2F /* [CP] Check Pods Manifest.lock */ = {
			isa = PBXShellScriptBuildPhase;
			buildActionMask = 2147483647;
			files = (
			);
			inputFileListPaths = (
			);
			inputPaths = (
				"${PODS_PODFILE_DIR_PATH}/Podfile.lock",
				"${PODS_ROOT}/Manifest.lock",
			);
			name = "[CP] Check Pods Manifest.lock";
			outputFileListPaths = (
			);
			outputPaths = (
				"$(DERIVED_FILE_DIR)/Pods-Abord-checkManifestLockResult.txt",
			);
			runOnlyForDeploymentPostprocessing = 0;
			shellPath = /bin/sh;
			shellScript = "diff \"${PODS_PODFILE_DIR_PATH}/Podfile.lock\" \"${PODS_ROOT}/Manifest.lock\" > /dev/null\nif [ $? != 0 ] ; then\n    # print error to STDERR\n    echo \"error: The sandbox is not in sync with the Podfile.lock. Run 'pod install' or update your CocoaPods installation.\" >&2\n    exit 1\nfi\n# This output is used by Xcode 'outputs' to avoid re-running this script phase.\necho \"SUCCESS\" > \"${SCRIPT_OUTPUT_FILE_0}\"\n";
			showEnvVarsInLog = 0;
		};
		90CD479185D9E8780A788CC2 /* [CP] Embed Pods Frameworks */ = {
			isa = PBXShellScriptBuildPhase;
			buildActionMask = 2147483647;
			files = (
			);
			inputFileListPaths = (
				"${PODS_ROOT}/Target Support Files/Pods-Abord/Pods-Abord-frameworks-${CONFIGURATION}-input-files.xcfilelist",
			);
			name = "[CP] Embed Pods Frameworks";
			outputFileListPaths = (
				"${PODS_ROOT}/Target Support Files/Pods-Abord/Pods-Abord-frameworks-${CONFIGURATION}-output-files.xcfilelist",
			);
			runOnlyForDeploymentPostprocessing = 0;
			shellPath = /bin/sh;
			shellScript = "\"${PODS_ROOT}/Target Support Files/Pods-Abord/Pods-Abord-frameworks.sh\"\n";
			showEnvVarsInLog = 0;
		};
/* End PBXShellScriptBuildPhase section */

/* Begin PBXSourcesBuildPhase section */
		A834F9A724326A3E009F9313 /* Sources */ = {
			isa = PBXSourcesBuildPhase;
			buildActionMask = 2147483647;
			files = (
				A834F9EA24333077009F9313 /* PostTableViewCell.swift in Sources */,
				A834F9DF24326AC5009F9313 /* LoginViewController.swift in Sources */,
				A834F9EC24338DE4009F9313 /* SignUpViewController.swift in Sources */,
				A834F9E324326B23009F9313 /* FeedViewController.swift in Sources */,
				A834F9AF24326A3E009F9313 /* AppDelegate.swift in Sources */,
				A834F9E724332556009F9313 /* CustomSignButton.swift in Sources */,
				A834F9B124326A3E009F9313 /* SceneDelegate.swift in Sources */,
				A834F9E524327600009F9313 /* CameraViewController.swift in Sources */,
			);
			runOnlyForDeploymentPostprocessing = 0;
		};
		A834F9BD24326A3F009F9313 /* Sources */ = {
			isa = PBXSourcesBuildPhase;
			buildActionMask = 2147483647;
			files = (
				A834F9C624326A3F009F9313 /* AbordTests.swift in Sources */,
			);
			runOnlyForDeploymentPostprocessing = 0;
		};
		A834F9C824326A3F009F9313 /* Sources */ = {
			isa = PBXSourcesBuildPhase;
			buildActionMask = 2147483647;
			files = (
				A834F9D124326A3F009F9313 /* AbordUITests.swift in Sources */,
			);
			runOnlyForDeploymentPostprocessing = 0;
		};
/* End PBXSourcesBuildPhase section */

/* Begin PBXTargetDependency section */
		A834F9C324326A3F009F9313 /* PBXTargetDependency */ = {
			isa = PBXTargetDependency;
			target = A834F9AA24326A3E009F9313 /* Abord */;
			targetProxy = A834F9C224326A3F009F9313 /* PBXContainerItemProxy */;
		};
		A834F9CE24326A3F009F9313 /* PBXTargetDependency */ = {
			isa = PBXTargetDependency;
			target = A834F9AA24326A3E009F9313 /* Abord */;
			targetProxy = A834F9CD24326A3F009F9313 /* PBXContainerItemProxy */;
		};
/* End PBXTargetDependency section */

/* Begin PBXVariantGroup section */
		A834F9B424326A3E009F9313 /* Main.storyboard */ = {
			isa = PBXVariantGroup;
			children = (
				A834F9B524326A3E009F9313 /* Base */,
			);
			name = Main.storyboard;
			sourceTree = "<group>";
		};
		A834F9B924326A3F009F9313 /* LaunchScreen.storyboard */ = {
			isa = PBXVariantGroup;
			children = (
				A834F9BA24326A3F009F9313 /* Base */,
			);
			name = LaunchScreen.storyboard;
			sourceTree = "<group>";
		};
/* End PBXVariantGroup section */

/* Begin XCBuildConfiguration section */
		A834F9D324326A3F009F9313 /* Debug */ = {
			isa = XCBuildConfiguration;
			buildSettings = {
				ALWAYS_SEARCH_USER_PATHS = NO;
				CLANG_ANALYZER_NONNULL = YES;
				CLANG_ANALYZER_NUMBER_OBJECT_CONVERSION = YES_AGGRESSIVE;
				CLANG_CXX_LANGUAGE_STANDARD = "gnu++14";
				CLANG_CXX_LIBRARY = "libc++";
				CLANG_ENABLE_MODULES = YES;
				CLANG_ENABLE_OBJC_ARC = YES;
				CLANG_ENABLE_OBJC_WEAK = YES;
				CLANG_WARN_BLOCK_CAPTURE_AUTORELEASING = YES;
				CLANG_WARN_BOOL_CONVERSION = YES;
				CLANG_WARN_COMMA = YES;
				CLANG_WARN_CONSTANT_CONVERSION = YES;
				CLANG_WARN_DEPRECATED_OBJC_IMPLEMENTATIONS = YES;
				CLANG_WARN_DIRECT_OBJC_ISA_USAGE = YES_ERROR;
				CLANG_WARN_DOCUMENTATION_COMMENTS = YES;
				CLANG_WARN_EMPTY_BODY = YES;
				CLANG_WARN_ENUM_CONVERSION = YES;
				CLANG_WARN_INFINITE_RECURSION = YES;
				CLANG_WARN_INT_CONVERSION = YES;
				CLANG_WARN_NON_LITERAL_NULL_CONVERSION = YES;
				CLANG_WARN_OBJC_IMPLICIT_RETAIN_SELF = YES;
				CLANG_WARN_OBJC_LITERAL_CONVERSION = YES;
				CLANG_WARN_OBJC_ROOT_CLASS = YES_ERROR;
				CLANG_WARN_RANGE_LOOP_ANALYSIS = YES;
				CLANG_WARN_STRICT_PROTOTYPES = YES;
				CLANG_WARN_SUSPICIOUS_MOVE = YES;
				CLANG_WARN_UNGUARDED_AVAILABILITY = YES_AGGRESSIVE;
				CLANG_WARN_UNREACHABLE_CODE = YES;
				CLANG_WARN__DUPLICATE_METHOD_MATCH = YES;
				COPY_PHASE_STRIP = NO;
				DEBUG_INFORMATION_FORMAT = dwarf;
				ENABLE_STRICT_OBJC_MSGSEND = YES;
				ENABLE_TESTABILITY = YES;
				GCC_C_LANGUAGE_STANDARD = gnu11;
				GCC_DYNAMIC_NO_PIC = NO;
				GCC_NO_COMMON_BLOCKS = YES;
				GCC_OPTIMIZATION_LEVEL = 0;
				GCC_PREPROCESSOR_DEFINITIONS = (
					"DEBUG=1",
					"$(inherited)",
				);
				GCC_WARN_64_TO_32_BIT_CONVERSION = YES;
				GCC_WARN_ABOUT_RETURN_TYPE = YES_ERROR;
				GCC_WARN_UNDECLARED_SELECTOR = YES;
				GCC_WARN_UNINITIALIZED_AUTOS = YES_AGGRESSIVE;
				GCC_WARN_UNUSED_FUNCTION = YES;
				GCC_WARN_UNUSED_VARIABLE = YES;
				IPHONEOS_DEPLOYMENT_TARGET = 13.4;
				MTL_ENABLE_DEBUG_INFO = INCLUDE_SOURCE;
				MTL_FAST_MATH = YES;
				ONLY_ACTIVE_ARCH = YES;
				SDKROOT = iphoneos;
				SWIFT_ACTIVE_COMPILATION_CONDITIONS = DEBUG;
				SWIFT_OPTIMIZATION_LEVEL = "-Onone";
			};
			name = Debug;
		};
		A834F9D424326A3F009F9313 /* Release */ = {
			isa = XCBuildConfiguration;
			buildSettings = {
				ALWAYS_SEARCH_USER_PATHS = NO;
				CLANG_ANALYZER_NONNULL = YES;
				CLANG_ANALYZER_NUMBER_OBJECT_CONVERSION = YES_AGGRESSIVE;
				CLANG_CXX_LANGUAGE_STANDARD = "gnu++14";
				CLANG_CXX_LIBRARY = "libc++";
				CLANG_ENABLE_MODULES = YES;
				CLANG_ENABLE_OBJC_ARC = YES;
				CLANG_ENABLE_OBJC_WEAK = YES;
				CLANG_WARN_BLOCK_CAPTURE_AUTORELEASING = YES;
				CLANG_WARN_BOOL_CONVERSION = YES;
				CLANG_WARN_COMMA = YES;
				CLANG_WARN_CONSTANT_CONVERSION = YES;
				CLANG_WARN_DEPRECATED_OBJC_IMPLEMENTATIONS = YES;
				CLANG_WARN_DIRECT_OBJC_ISA_USAGE = YES_ERROR;
				CLANG_WARN_DOCUMENTATION_COMMENTS = YES;
				CLANG_WARN_EMPTY_BODY = YES;
				CLANG_WARN_ENUM_CONVERSION = YES;
				CLANG_WARN_INFINITE_RECURSION = YES;
				CLANG_WARN_INT_CONVERSION = YES;
				CLANG_WARN_NON_LITERAL_NULL_CONVERSION = YES;
				CLANG_WARN_OBJC_IMPLICIT_RETAIN_SELF = YES;
				CLANG_WARN_OBJC_LITERAL_CONVERSION = YES;
				CLANG_WARN_OBJC_ROOT_CLASS = YES_ERROR;
				CLANG_WARN_RANGE_LOOP_ANALYSIS = YES;
				CLANG_WARN_STRICT_PROTOTYPES = YES;
				CLANG_WARN_SUSPICIOUS_MOVE = YES;
				CLANG_WARN_UNGUARDED_AVAILABILITY = YES_AGGRESSIVE;
				CLANG_WARN_UNREACHABLE_CODE = YES;
				CLANG_WARN__DUPLICATE_METHOD_MATCH = YES;
				COPY_PHASE_STRIP = NO;
				DEBUG_INFORMATION_FORMAT = "dwarf-with-dsym";
				ENABLE_NS_ASSERTIONS = NO;
				ENABLE_STRICT_OBJC_MSGSEND = YES;
				GCC_C_LANGUAGE_STANDARD = gnu11;
				GCC_NO_COMMON_BLOCKS = YES;
				GCC_WARN_64_TO_32_BIT_CONVERSION = YES;
				GCC_WARN_ABOUT_RETURN_TYPE = YES_ERROR;
				GCC_WARN_UNDECLARED_SELECTOR = YES;
				GCC_WARN_UNINITIALIZED_AUTOS = YES_AGGRESSIVE;
				GCC_WARN_UNUSED_FUNCTION = YES;
				GCC_WARN_UNUSED_VARIABLE = YES;
				IPHONEOS_DEPLOYMENT_TARGET = 13.4;
				MTL_ENABLE_DEBUG_INFO = NO;
				MTL_FAST_MATH = YES;
				SDKROOT = iphoneos;
				SWIFT_COMPILATION_MODE = wholemodule;
				SWIFT_OPTIMIZATION_LEVEL = "-O";
				VALIDATE_PRODUCT = YES;
			};
			name = Release;
		};
		A834F9D624326A3F009F9313 /* Debug */ = {
			isa = XCBuildConfiguration;
			baseConfigurationReference = 2A29D61F61D9763242CB2CF4 /* Pods-Abord.debug.xcconfig */;
			buildSettings = {
				ASSETCATALOG_COMPILER_APPICON_NAME = AppIcon;
				CODE_SIGN_STYLE = Automatic;
				DEVELOPMENT_TEAM = Q7HVAVTGUP;
				INFOPLIST_FILE = Abord/Info.plist;
				LD_RUNPATH_SEARCH_PATHS = (
					"$(inherited)",
					"@executable_path/Frameworks",
				);
				PRODUCT_BUNDLE_IDENTIFIER = road.Abord;
				PRODUCT_NAME = "$(TARGET_NAME)";
				SWIFT_VERSION = 5.0;
				TARGETED_DEVICE_FAMILY = "1,2";
			};
			name = Debug;
		};
		A834F9D724326A3F009F9313 /* Release */ = {
			isa = XCBuildConfiguration;
			baseConfigurationReference = 07CBC607D20B894D74B6A88B /* Pods-Abord.release.xcconfig */;
			buildSettings = {
				ASSETCATALOG_COMPILER_APPICON_NAME = AppIcon;
				CODE_SIGN_STYLE = Automatic;
				DEVELOPMENT_TEAM = Q7HVAVTGUP;
				INFOPLIST_FILE = Abord/Info.plist;
				LD_RUNPATH_SEARCH_PATHS = (
					"$(inherited)",
					"@executable_path/Frameworks",
				);
				PRODUCT_BUNDLE_IDENTIFIER = road.Abord;
				PRODUCT_NAME = "$(TARGET_NAME)";
				SWIFT_VERSION = 5.0;
				TARGETED_DEVICE_FAMILY = "1,2";
			};
			name = Release;
		};
		A834F9D924326A3F009F9313 /* Debug */ = {
			isa = XCBuildConfiguration;
			baseConfigurationReference = 4F6E1C6EC54019D57BEA2CB9 /* Pods-AbordTests.debug.xcconfig */;
			buildSettings = {
				ALWAYS_EMBED_SWIFT_STANDARD_LIBRARIES = YES;
				BUNDLE_LOADER = "$(TEST_HOST)";
				CODE_SIGN_STYLE = Automatic;
				DEVELOPMENT_TEAM = Q7HVAVTGUP;
				INFOPLIST_FILE = AbordTests/Info.plist;
				IPHONEOS_DEPLOYMENT_TARGET = 13.4;
				LD_RUNPATH_SEARCH_PATHS = (
					"$(inherited)",
					"@executable_path/Frameworks",
					"@loader_path/Frameworks",
				);
				PRODUCT_BUNDLE_IDENTIFIER = road.AbordTests;
				PRODUCT_NAME = "$(TARGET_NAME)";
				SWIFT_VERSION = 5.0;
				TARGETED_DEVICE_FAMILY = "1,2";
				TEST_HOST = "$(BUILT_PRODUCTS_DIR)/Abord.app/Abord";
			};
			name = Debug;
		};
		A834F9DA24326A3F009F9313 /* Release */ = {
			isa = XCBuildConfiguration;
			baseConfigurationReference = 76459974B4EF3DB78DCCDFF1 /* Pods-AbordTests.release.xcconfig */;
			buildSettings = {
				ALWAYS_EMBED_SWIFT_STANDARD_LIBRARIES = YES;
				BUNDLE_LOADER = "$(TEST_HOST)";
				CODE_SIGN_STYLE = Automatic;
				DEVELOPMENT_TEAM = Q7HVAVTGUP;
				INFOPLIST_FILE = AbordTests/Info.plist;
				IPHONEOS_DEPLOYMENT_TARGET = 13.4;
				LD_RUNPATH_SEARCH_PATHS = (
					"$(inherited)",
					"@executable_path/Frameworks",
					"@loader_path/Frameworks",
				);
				PRODUCT_BUNDLE_IDENTIFIER = road.AbordTests;
				PRODUCT_NAME = "$(TARGET_NAME)";
				SWIFT_VERSION = 5.0;
				TARGETED_DEVICE_FAMILY = "1,2";
				TEST_HOST = "$(BUILT_PRODUCTS_DIR)/Abord.app/Abord";
			};
			name = Release;
		};
		A834F9DC24326A3F009F9313 /* Debug */ = {
			isa = XCBuildConfiguration;
			baseConfigurationReference = FE833BFF5F3EAD8E02011BF7 /* Pods-Abord-AbordUITests.debug.xcconfig */;
			buildSettings = {
				ALWAYS_EMBED_SWIFT_STANDARD_LIBRARIES = YES;
				CODE_SIGN_STYLE = Automatic;
				DEVELOPMENT_TEAM = Q7HVAVTGUP;
				INFOPLIST_FILE = AbordUITests/Info.plist;
				LD_RUNPATH_SEARCH_PATHS = (
					"$(inherited)",
					"@executable_path/Frameworks",
					"@loader_path/Frameworks",
				);
				PRODUCT_BUNDLE_IDENTIFIER = road.AbordUITests;
				PRODUCT_NAME = "$(TARGET_NAME)";
				SWIFT_VERSION = 5.0;
				TARGETED_DEVICE_FAMILY = "1,2";
				TEST_TARGET_NAME = Abord;
			};
			name = Debug;
		};
		A834F9DD24326A3F009F9313 /* Release */ = {
			isa = XCBuildConfiguration;
			baseConfigurationReference = 6EAAB51EB9EAD426C362FC6C /* Pods-Abord-AbordUITests.release.xcconfig */;
			buildSettings = {
				ALWAYS_EMBED_SWIFT_STANDARD_LIBRARIES = YES;
				CODE_SIGN_STYLE = Automatic;
				DEVELOPMENT_TEAM = Q7HVAVTGUP;
				INFOPLIST_FILE = AbordUITests/Info.plist;
				LD_RUNPATH_SEARCH_PATHS = (
					"$(inherited)",
					"@executable_path/Frameworks",
					"@loader_path/Frameworks",
				);
				PRODUCT_BUNDLE_IDENTIFIER = road.AbordUITests;
				PRODUCT_NAME = "$(TARGET_NAME)";
				SWIFT_VERSION = 5.0;
				TARGETED_DEVICE_FAMILY = "1,2";
				TEST_TARGET_NAME = Abord;
			};
			name = Release;
		};
/* End XCBuildConfiguration section */

/* Begin XCConfigurationList section */
		A834F9A624326A3E009F9313 /* Build configuration list for PBXProject "Abord" */ = {
			isa = XCConfigurationList;
			buildConfigurations = (
				A834F9D324326A3F009F9313 /* Debug */,
				A834F9D424326A3F009F9313 /* Release */,
			);
			defaultConfigurationIsVisible = 0;
			defaultConfigurationName = Release;
		};
		A834F9D524326A3F009F9313 /* Build configuration list for PBXNativeTarget "Abord" */ = {
			isa = XCConfigurationList;
			buildConfigurations = (
				A834F9D624326A3F009F9313 /* Debug */,
				A834F9D724326A3F009F9313 /* Release */,
			);
			defaultConfigurationIsVisible = 0;
			defaultConfigurationName = Release;
		};
		A834F9D824326A3F009F9313 /* Build configuration list for PBXNativeTarget "AbordTests" */ = {
			isa = XCConfigurationList;
			buildConfigurations = (
				A834F9D924326A3F009F9313 /* Debug */,
				A834F9DA24326A3F009F9313 /* Release */,
			);
			defaultConfigurationIsVisible = 0;
			defaultConfigurationName = Release;
		};
		A834F9DB24326A3F009F9313 /* Build configuration list for PBXNativeTarget "AbordUITests" */ = {
			isa = XCConfigurationList;
			buildConfigurations = (
				A834F9DC24326A3F009F9313 /* Debug */,
				A834F9DD24326A3F009F9313 /* Release */,
			);
			defaultConfigurationIsVisible = 0;
			defaultConfigurationName = Release;
		};
/* End XCConfigurationList section */
	};
	rootObject = A834F9A324326A3E009F9313 /* Project object */;
}
